
Microsoft Visual Studio Solution File, Format Version 12.00
# Visual Studio Version 17
VisualStudioVersion = 17.7.34221.43
MinimumVisualStudioVersion = 10.0.40219.1
Project("{2150E333-8FDC-42A3-9474-1A3956D46DE8}") = "src", "src", "{DA90F077-00FD-498E-9220-493B6D3B0917}"
EndProject
Project("{2150E333-8FDC-42A3-9474-1A3956D46DE8}") = "解决方案项", "解决方案项", "{513705ED-0185-41EF-A127-B89100F4294F}"
	ProjectSection(SolutionItems) = preProject
		common.props = common.props
		Directory.Packages.props = Directory.Packages.props
		nuget.config = nuget.config
	EndProjectSection
EndProject
Project("{2150E333-8FDC-42A3-9474-1A3956D46DE8}") = "Bib5", "Bib5", "{16DC2250-97E3-49F0-87FC-0B35E741C981}"
EndProject
Project("{9A19103F-16F7-4668-BE54-9A1E7A4F7556}") = "Bib5.Core", "src\Bib5\bib5.core\Bib5.Core.csproj", "{B199248D-6206-4851-8184-3FFDF98B0261}"
EndProject
Project("{9A19103F-16F7-4668-BE54-9A1E7A4F7556}") = "Bib5.Abp.Core", "src\Bib5\bib5.abp.core\Bib5.Abp.Core.csproj", "{902AA60C-9D6C-4291-B510-0044782428F6}"
EndProject
Project("{9A19103F-16F7-4668-BE54-9A1E7A4F7556}") = "Bib5.Abp.BackgroundWorkers.Hangfire", "src\Bib5\bib5.abp.backgroundworkers.hangfire\Bib5.Abp.BackgroundWorkers.Hangfire.csproj", "{DA3EB37F-04AB-493C-B027-94578A11619E}"
EndProject
Project("{9A19103F-16F7-4668-BE54-9A1E7A4F7556}") = "Bib5.Abp.Hosting.Auth.Client", "src\Bib5\bib5.abp.hosting.auth.client\Bib5.Abp.Hosting.Auth.Client.csproj", "{EA0A8A30-EB35-42C3-9331-068F995F9ABE}"
EndProject
Project("{9A19103F-16F7-4668-BE54-9A1E7A4F7556}") = "Bib5.Abp.Hosting.Auth.Server.OpenIddict", "src\Bib5\bib5.abp.hosting.auth.server.openiddict\Bib5.Abp.Hosting.Auth.Server.OpenIddict.csproj", "{7F963782-B5D8-4FA5-9E21-8B1394C14B38}"
EndProject
Project("{9A19103F-16F7-4668-BE54-9A1E7A4F7556}") = "Bib5.Abp.Hosting.Auth.Server", "src\Bib5\bib5.abp.hosting.auth.server\Bib5.Abp.Hosting.Auth.Server.csproj", "{98E5AC08-E4DD-42BB-A3B8-7FF37CC2CEA6}"
EndProject
Project("{9A19103F-16F7-4668-BE54-9A1E7A4F7556}") = "Bib5.Abp.Hosting.DataSeed.OpenIddict", "src\Bib5\bib5.abp.hosting.dataseed.openiddict\Bib5.Abp.Hosting.DataSeed.OpenIddict.csproj", "{52471F5F-6020-4564-AA5D-0B6B16E20212}"
EndProject
Project("{9A19103F-16F7-4668-BE54-9A1E7A4F7556}") = "Bib5.Abp.Hosting.Microservices.Simplified", "src\Bib5\bib5.abp.hosting.microservices.simplified\Bib5.Abp.Hosting.Microservices.Simplified.csproj", "{E439B7E8-4DE5-4AF8-9BAF-7203EDF49436}"
EndProject
Project("{9A19103F-16F7-4668-BE54-9A1E7A4F7556}") = "Bib5.Abp.Hosting.Shared", "src\Bib5\bib5.abp.hosting.shared\Bib5.Abp.Hosting.Shared.csproj", "{91564F67-BB20-4D1F-A7E7-D7D8700DF001}"
EndProject
Project("{9A19103F-16F7-4668-BE54-9A1E7A4F7556}") = "Bib5.Abp.Hosting.AspNetCore.Shared", "src\Bib5\bib5.abp.hosting.aspnetcore.shared\Bib5.Abp.Hosting.AspNetCore.Shared.csproj", "{1199C8D5-E62D-48EB-923E-51DFD578064E}"
EndProject
Project("{9A19103F-16F7-4668-BE54-9A1E7A4F7556}") = "Bib5.Abp.Hosting.AspNetCore.Simplified", "src\Bib5\bib5.abp.hosting.aspnetcore.simplified\Bib5.Abp.Hosting.AspNetCore.Simplified.csproj", "{A586ED63-8CE1-4131-9216-0E97E8D7D41C}"
EndProject
Project("{9A19103F-16F7-4668-BE54-9A1E7A4F7556}") = "Bib5.Abp.Hosting.Simplified", "src\Bib5\bib5.abp.hosting.simplified\Bib5.Abp.Hosting.Simplified.csproj", "{8026CA59-F419-413B-AE42-FC4C12CA779C}"
EndProject
Project("{9A19103F-16F7-4668-BE54-9A1E7A4F7556}") = "Bib5.Abp.Hosting.Microservices.Shared", "src\Bib5\bib5.abp.hosting.microservices.shared\Bib5.Abp.Hosting.Microservices.Shared.csproj", "{3FDFB677-E14D-4F1E-999F-7046354E381A}"
EndProject
Project("{9A19103F-16F7-4668-BE54-9A1E7A4F7556}") = "Bib5.Abp.Hosting.Resource.Server", "src\Bib5\bib5.abp.hosting.resource.server\Bib5.Abp.Hosting.Resource.Server.csproj", "{3A6AFEFA-76DF-4573-ADAD-1ACEDFD76BC2}"
EndProject
Project("{9A19103F-16F7-4668-BE54-9A1E7A4F7556}") = "Bib5.Abp.Hosting.Windows", "src\Bib5\bib5.abp.hosting.windows\Bib5.Abp.Hosting.Windows.csproj", "{86DFA5F2-7985-49F8-895B-5329323991DD}"
EndProject
Project("{9A19103F-16F7-4668-BE54-9A1E7A4F7556}") = "Bib5.Abp.Session.Client.Domain.LocalServer", "src\Bib5\bib5.abp.session.client.domain.localserver\Bib5.Abp.Session.Client.Domain.LocalServer.csproj", "{68305367-1258-421C-9D33-6238AC6CF377}"
EndProject
Project("{9A19103F-16F7-4668-BE54-9A1E7A4F7556}") = "Bib5.Abp.Session.Client.Domain", "src\Bib5\bib5.abp.session.client.domain\Bib5.Abp.Session.Client.Domain.csproj", "{C919CCF7-5D41-4734-A56A-E4C7B763456B}"
EndProject
Project("{9A19103F-16F7-4668-BE54-9A1E7A4F7556}") = "Bib5.Abp.Session.Client.Domain.Shared", "src\Bib5\bib5.abp.session.client.domain.shared\Bib5.Abp.Session.Client.Domain.Shared.csproj", "{D4DCD0ED-38D9-4E31-86FA-44954A062F36}"
EndProject
Project("{9A19103F-16F7-4668-BE54-9A1E7A4F7556}") = "Bib5.Abp.Session.Client.HttpApi.Client", "src\Bib5\bib5.abp.session.client.httpapi.client\Bib5.Abp.Session.Client.HttpApi.Client.csproj", "{11385091-ABBA-425C-858F-A561FEC2317A}"
EndProject
Project("{9A19103F-16F7-4668-BE54-9A1E7A4F7556}") = "Bib5.Abp.Session.Client.Application.Contracts", "src\Bib5\bib5.abp.session.client.application.contracts\Bib5.Abp.Session.Client.Application.Contracts.csproj", "{60158634-5E01-4064-A819-C2AAA9ADA68A}"
EndProject
Project("{9A19103F-16F7-4668-BE54-9A1E7A4F7556}") = "Bib5.Abp.Session.Client.Domain.EntityFrameworkCore", "src\Bib5\bib5.abp.session.client.domain.entityframeworkcore\Bib5.Abp.Session.Client.Domain.EntityFrameworkCore.csproj", "{A75059C8-241C-4E41-9E2B-D22B7D34303D}"
EndProject
Project("{9A19103F-16F7-4668-BE54-9A1E7A4F7556}") = "Bib5.Abp.Hosting.Wpf", "src\Bib5\bib5.abp.hosting.wpf\Bib5.Abp.Hosting.Wpf.csproj", "{1789F27F-3FD6-4B74-AED9-1633622CFE55}"
EndProject
Project("{9A19103F-16F7-4668-BE54-9A1E7A4F7556}") = "Bib5.Abp.Hosting.Windows.Desktop", "src\Bib5\bib5.abp.hosting.windows.desktop\Bib5.Abp.Hosting.Windows.Desktop.csproj", "{B2A710C0-6D7A-47B2-B010-034773C1179C}"
EndProject
Project("{9A19103F-16F7-4668-BE54-9A1E7A4F7556}") = "Bib5.Abp.Hosting.DotNet.Simplified", "src\Bib5\bib5.abp.hosting.dotnet.simplified\Bib5.Abp.Hosting.DotNet.Simplified.csproj", "{C02AB359-6790-4A17-895E-5567CA9F344B}"
EndProject
Project("{9A19103F-16F7-4668-BE54-9A1E7A4F7556}") = "Bib5.Abp.Hosting.DotNet.Shared", "src\Bib5\bib5.abp.hosting.dotnet.shared\Bib5.Abp.Hosting.DotNet.Shared.csproj", "{21E86DF6-C209-42EF-922F-2A26747BE367}"
EndProject
Project("{9A19103F-16F7-4668-BE54-9A1E7A4F7556}") = "Bib5.Abp.Session.Client.Domain.Desktop", "src\Bib5\bib5.abp.session.client.domain.desktop\Bib5.Abp.Session.Client.Domain.Desktop.csproj", "{1F24DE72-FF21-424F-A142-1098CEB35FD2}"
EndProject
Project("{9A19103F-16F7-4668-BE54-9A1E7A4F7556}") = "Bib5.Abp.Hosting.Console.Domain", "src\Bib5\bib5.abp.hosting.console.domain\Bib5.Abp.Hosting.Console.Domain.csproj", "{0A01E77E-91B1-4604-9C53-F88799904F23}"
EndProject
Project("{9A19103F-16F7-4668-BE54-9A1E7A4F7556}") = "Bib5.Abp.Hosting.Console.Domain.Shared", "src\Bib5\bib5.abp.hosting.console.domain.shared\Bib5.Abp.Hosting.Console.Domain.Shared.csproj", "{9FD62623-F69C-4177-9701-AE52F630DFA1}"
EndProject
Project("{9A19103F-16F7-4668-BE54-9A1E7A4F7556}") = "Bib5.Abp.Hosting.Console.EntityFrameworkCore", "src\Bib5\bib5.abp.hosting.console.entityframeworkcore\Bib5.Abp.Hosting.Console.EntityFrameworkCore.csproj", "{D5DA3EF6-0BAB-43DC-A56E-3F0A6AF5DD70}"
EndProject
Global
	GlobalSection(SolutionConfigurationPlatforms) = preSolution
		Debug|Any CPU = Debug|Any CPU
		Debug|x64 = Debug|x64
		Release|Any CPU = Release|Any CPU
		Release|x64 = Release|x64
	EndGlobalSection
	GlobalSection(ProjectConfigurationPlatforms) = postSolution
		{B199248D-6206-4851-8184-3FFDF98B0261}.Debug|Any CPU.ActiveCfg = Debug|Any CPU
		{B199248D-6206-4851-8184-3FFDF98B0261}.Debug|Any CPU.Build.0 = Debug|Any CPU
		{B199248D-6206-4851-8184-3FFDF98B0261}.Debug|x64.ActiveCfg = Debug|Any CPU
		{B199248D-6206-4851-8184-3FFDF98B0261}.Debug|x64.Build.0 = Debug|Any CPU
		{B199248D-6206-4851-8184-3FFDF98B0261}.Release|Any CPU.ActiveCfg = Release|Any CPU
		{B199248D-6206-4851-8184-3FFDF98B0261}.Release|Any CPU.Build.0 = Release|Any CPU
		{B199248D-6206-4851-8184-3FFDF98B0261}.Release|x64.ActiveCfg = Release|Any CPU
		{B199248D-6206-4851-8184-3FFDF98B0261}.Release|x64.Build.0 = Release|Any CPU
		{902AA60C-9D6C-4291-B510-0044782428F6}.Debug|Any CPU.ActiveCfg = Debug|Any CPU
		{902AA60C-9D6C-4291-B510-0044782428F6}.Debug|Any CPU.Build.0 = Debug|Any CPU
		{902AA60C-9D6C-4291-B510-0044782428F6}.Debug|x64.ActiveCfg = Debug|Any CPU
		{902AA60C-9D6C-4291-B510-0044782428F6}.Debug|x64.Build.0 = Debug|Any CPU
		{902AA60C-9D6C-4291-B510-0044782428F6}.Release|Any CPU.ActiveCfg = Release|Any CPU
		{902AA60C-9D6C-4291-B510-0044782428F6}.Release|Any CPU.Build.0 = Release|Any CPU
		{902AA60C-9D6C-4291-B510-0044782428F6}.Release|x64.ActiveCfg = Release|Any CPU
		{902AA60C-9D6C-4291-B510-0044782428F6}.Release|x64.Build.0 = Release|Any CPU
		{DA3EB37F-04AB-493C-B027-94578A11619E}.Debug|Any CPU.ActiveCfg = Debug|Any CPU
		{DA3EB37F-04AB-493C-B027-94578A11619E}.Debug|Any CPU.Build.0 = Debug|Any CPU
		{DA3EB37F-04AB-493C-B027-94578A11619E}.Debug|x64.ActiveCfg = Debug|Any CPU
		{DA3EB37F-04AB-493C-B027-94578A11619E}.Debug|x64.Build.0 = Debug|Any CPU
		{DA3EB37F-04AB-493C-B027-94578A11619E}.Release|Any CPU.ActiveCfg = Release|Any CPU
		{DA3EB37F-04AB-493C-B027-94578A11619E}.Release|Any CPU.Build.0 = Release|Any CPU
		{DA3EB37F-04AB-493C-B027-94578A11619E}.Release|x64.ActiveCfg = Release|Any CPU
		{DA3EB37F-04AB-493C-B027-94578A11619E}.Release|x64.Build.0 = Release|Any CPU
		{EA0A8A30-EB35-42C3-9331-068F995F9ABE}.Debug|Any CPU.ActiveCfg = Debug|Any CPU
		{EA0A8A30-EB35-42C3-9331-068F995F9ABE}.Debug|Any CPU.Build.0 = Debug|Any CPU
		{EA0A8A30-EB35-42C3-9331-068F995F9ABE}.Debug|x64.ActiveCfg = Debug|Any CPU
		{EA0A8A30-EB35-42C3-9331-068F995F9ABE}.Debug|x64.Build.0 = Debug|Any CPU
		{EA0A8A30-EB35-42C3-9331-068F995F9ABE}.Release|Any CPU.ActiveCfg = Release|Any CPU
		{EA0A8A30-EB35-42C3-9331-068F995F9ABE}.Release|Any CPU.Build.0 = Release|Any CPU
		{EA0A8A30-EB35-42C3-9331-068F995F9ABE}.Release|x64.ActiveCfg = Release|Any CPU
		{EA0A8A30-EB35-42C3-9331-068F995F9ABE}.Release|x64.Build.0 = Release|Any CPU
		{7F963782-B5D8-4FA5-9E21-8B1394C14B38}.Debug|Any CPU.ActiveCfg = Debug|Any CPU
		{7F963782-B5D8-4FA5-9E21-8B1394C14B38}.Debug|Any CPU.Build.0 = Debug|Any CPU
		{7F963782-B5D8-4FA5-9E21-8B1394C14B38}.Debug|x64.ActiveCfg = Debug|Any CPU
		{7F963782-B5D8-4FA5-9E21-8B1394C14B38}.Debug|x64.Build.0 = Debug|Any CPU
		{7F963782-B5D8-4FA5-9E21-8B1394C14B38}.Release|Any CPU.ActiveCfg = Release|Any CPU
		{7F963782-B5D8-4FA5-9E21-8B1394C14B38}.Release|Any CPU.Build.0 = Release|Any CPU
		{7F963782-B5D8-4FA5-9E21-8B1394C14B38}.Release|x64.ActiveCfg = Release|Any CPU
		{7F963782-B5D8-4FA5-9E21-8B1394C14B38}.Release|x64.Build.0 = Release|Any CPU
		{98E5AC08-E4DD-42BB-A3B8-7FF37CC2CEA6}.Debug|Any CPU.ActiveCfg = Debug|Any CPU
		{98E5AC08-E4DD-42BB-A3B8-7FF37CC2CEA6}.Debug|Any CPU.Build.0 = Debug|Any CPU
		{98E5AC08-E4DD-42BB-A3B8-7FF37CC2CEA6}.Debug|x64.ActiveCfg = Debug|Any CPU
		{98E5AC08-E4DD-42BB-A3B8-7FF37CC2CEA6}.Debug|x64.Build.0 = Debug|Any CPU
		{98E5AC08-E4DD-42BB-A3B8-7FF37CC2CEA6}.Release|Any CPU.ActiveCfg = Release|Any CPU
		{98E5AC08-E4DD-42BB-A3B8-7FF37CC2CEA6}.Release|Any CPU.Build.0 = Release|Any CPU
		{98E5AC08-E4DD-42BB-A3B8-7FF37CC2CEA6}.Release|x64.ActiveCfg = Release|Any CPU
		{98E5AC08-E4DD-42BB-A3B8-7FF37CC2CEA6}.Release|x64.Build.0 = Release|Any CPU
		{52471F5F-6020-4564-AA5D-0B6B16E20212}.Debug|Any CPU.ActiveCfg = Debug|Any CPU
		{52471F5F-6020-4564-AA5D-0B6B16E20212}.Debug|Any CPU.Build.0 = Debug|Any CPU
		{52471F5F-6020-4564-AA5D-0B6B16E20212}.Debug|x64.ActiveCfg = Debug|Any CPU
		{52471F5F-6020-4564-AA5D-0B6B16E20212}.Debug|x64.Build.0 = Debug|Any CPU
		{52471F5F-6020-4564-AA5D-0B6B16E20212}.Release|Any CPU.ActiveCfg = Release|Any CPU
		{52471F5F-6020-4564-AA5D-0B6B16E20212}.Release|Any CPU.Build.0 = Release|Any CPU
		{52471F5F-6020-4564-AA5D-0B6B16E20212}.Release|x64.ActiveCfg = Release|Any CPU
		{52471F5F-6020-4564-AA5D-0B6B16E20212}.Release|x64.Build.0 = Release|Any CPU
		{E439B7E8-4DE5-4AF8-9BAF-7203EDF49436}.Debug|Any CPU.ActiveCfg = Debug|Any CPU
		{E439B7E8-4DE5-4AF8-9BAF-7203EDF49436}.Debug|Any CPU.Build.0 = Debug|Any CPU
		{E439B7E8-4DE5-4AF8-9BAF-7203EDF49436}.Debug|x64.ActiveCfg = Debug|Any CPU
		{E439B7E8-4DE5-4AF8-9BAF-7203EDF49436}.Debug|x64.Build.0 = Debug|Any CPU
		{E439B7E8-4DE5-4AF8-9BAF-7203EDF49436}.Release|Any CPU.ActiveCfg = Release|Any CPU
		{E439B7E8-4DE5-4AF8-9BAF-7203EDF49436}.Release|Any CPU.Build.0 = Release|Any CPU
		{E439B7E8-4DE5-4AF8-9BAF-7203EDF49436}.Release|x64.ActiveCfg = Release|Any CPU
		{E439B7E8-4DE5-4AF8-9BAF-7203EDF49436}.Release|x64.Build.0 = Release|Any CPU
		{91564F67-BB20-4D1F-A7E7-D7D8700DF001}.Debug|Any CPU.ActiveCfg = Debug|Any CPU
		{91564F67-BB20-4D1F-A7E7-D7D8700DF001}.Debug|Any CPU.Build.0 = Debug|Any CPU
		{91564F67-BB20-4D1F-A7E7-D7D8700DF001}.Debug|x64.ActiveCfg = Debug|Any CPU
		{91564F67-BB20-4D1F-A7E7-D7D8700DF001}.Debug|x64.Build.0 = Debug|Any CPU
		{91564F67-BB20-4D1F-A7E7-D7D8700DF001}.Release|Any CPU.ActiveCfg = Release|Any CPU
		{91564F67-BB20-4D1F-A7E7-D7D8700DF001}.Release|Any CPU.Build.0 = Release|Any CPU
		{91564F67-BB20-4D1F-A7E7-D7D8700DF001}.Release|x64.ActiveCfg = Release|Any CPU
		{91564F67-BB20-4D1F-A7E7-D7D8700DF001}.Release|x64.Build.0 = Release|Any CPU
		{1199C8D5-E62D-48EB-923E-51DFD578064E}.Debug|Any CPU.ActiveCfg = Debug|Any CPU
		{1199C8D5-E62D-48EB-923E-51DFD578064E}.Debug|Any CPU.Build.0 = Debug|Any CPU
		{1199C8D5-E62D-48EB-923E-51DFD578064E}.Debug|x64.ActiveCfg = Debug|Any CPU
		{1199C8D5-E62D-48EB-923E-51DFD578064E}.Debug|x64.Build.0 = Debug|Any CPU
		{1199C8D5-E62D-48EB-923E-51DFD578064E}.Release|Any CPU.ActiveCfg = Release|Any CPU
		{1199C8D5-E62D-48EB-923E-51DFD578064E}.Release|Any CPU.Build.0 = Release|Any CPU
		{1199C8D5-E62D-48EB-923E-51DFD578064E}.Release|x64.ActiveCfg = Release|Any CPU
		{1199C8D5-E62D-48EB-923E-51DFD578064E}.Release|x64.Build.0 = Release|Any CPU
		{A586ED63-8CE1-4131-9216-0E97E8D7D41C}.Debug|Any CPU.ActiveCfg = Debug|Any CPU
		{A586ED63-8CE1-4131-9216-0E97E8D7D41C}.Debug|Any CPU.Build.0 = Debug|Any CPU
		{A586ED63-8CE1-4131-9216-0E97E8D7D41C}.Debug|x64.ActiveCfg = Debug|Any CPU
		{A586ED63-8CE1-4131-9216-0E97E8D7D41C}.Debug|x64.Build.0 = Debug|Any CPU
		{A586ED63-8CE1-4131-9216-0E97E8D7D41C}.Release|Any CPU.ActiveCfg = Release|Any CPU
		{A586ED63-8CE1-4131-9216-0E97E8D7D41C}.Release|Any CPU.Build.0 = Release|Any CPU
		{A586ED63-8CE1-4131-9216-0E97E8D7D41C}.Release|x64.ActiveCfg = Release|Any CPU
		{A586ED63-8CE1-4131-9216-0E97E8D7D41C}.Release|x64.Build.0 = Release|Any CPU
		{8026CA59-F419-413B-AE42-FC4C12CA779C}.Debug|Any CPU.ActiveCfg = Debug|Any CPU
		{8026CA59-F419-413B-AE42-FC4C12CA779C}.Debug|Any CPU.Build.0 = Debug|Any CPU
		{8026CA59-F419-413B-AE42-FC4C12CA779C}.Debug|x64.ActiveCfg = Debug|Any CPU
		{8026CA59-F419-413B-AE42-FC4C12CA779C}.Debug|x64.Build.0 = Debug|Any CPU
		{8026CA59-F419-413B-AE42-FC4C12CA779C}.Release|Any CPU.ActiveCfg = Release|Any CPU
		{8026CA59-F419-413B-AE42-FC4C12CA779C}.Release|Any CPU.Build.0 = Release|Any CPU
		{8026CA59-F419-413B-AE42-FC4C12CA779C}.Release|x64.ActiveCfg = Release|Any CPU
		{8026CA59-F419-413B-AE42-FC4C12CA779C}.Release|x64.Build.0 = Release|Any CPU
		{3FDFB677-E14D-4F1E-999F-7046354E381A}.Debug|Any CPU.ActiveCfg = Debug|Any CPU
		{3FDFB677-E14D-4F1E-999F-7046354E381A}.Debug|Any CPU.Build.0 = Debug|Any CPU
		{3FDFB677-E14D-4F1E-999F-7046354E381A}.Debug|x64.ActiveCfg = Debug|Any CPU
		{3FDFB677-E14D-4F1E-999F-7046354E381A}.Debug|x64.Build.0 = Debug|Any CPU
		{3FDFB677-E14D-4F1E-999F-7046354E381A}.Release|Any CPU.ActiveCfg = Release|Any CPU
		{3FDFB677-E14D-4F1E-999F-7046354E381A}.Release|Any CPU.Build.0 = Release|Any CPU
		{3FDFB677-E14D-4F1E-999F-7046354E381A}.Release|x64.ActiveCfg = Release|Any CPU
		{3FDFB677-E14D-4F1E-999F-7046354E381A}.Release|x64.Build.0 = Release|Any CPU
		{3A6AFEFA-76DF-4573-ADAD-1ACEDFD76BC2}.Debug|Any CPU.ActiveCfg = Debug|Any CPU
		{3A6AFEFA-76DF-4573-ADAD-1ACEDFD76BC2}.Debug|Any CPU.Build.0 = Debug|Any CPU
		{3A6AFEFA-76DF-4573-ADAD-1ACEDFD76BC2}.Debug|x64.ActiveCfg = Debug|Any CPU
		{3A6AFEFA-76DF-4573-ADAD-1ACEDFD76BC2}.Debug|x64.Build.0 = Debug|Any CPU
		{3A6AFEFA-76DF-4573-ADAD-1ACEDFD76BC2}.Release|Any CPU.ActiveCfg = Release|Any CPU
		{3A6AFEFA-76DF-4573-ADAD-1ACEDFD76BC2}.Release|Any CPU.Build.0 = Release|Any CPU
		{3A6AFEFA-76DF-4573-ADAD-1ACEDFD76BC2}.Release|x64.ActiveCfg = Release|Any CPU
		{3A6AFEFA-76DF-4573-ADAD-1ACEDFD76BC2}.Release|x64.Build.0 = Release|Any CPU
		{86DFA5F2-7985-49F8-895B-5329323991DD}.Debug|Any CPU.ActiveCfg = Debug|Any CPU
		{86DFA5F2-7985-49F8-895B-5329323991DD}.Debug|Any CPU.Build.0 = Debug|Any CPU
		{86DFA5F2-7985-49F8-895B-5329323991DD}.Debug|x64.ActiveCfg = Debug|Any CPU
		{86DFA5F2-7985-49F8-895B-5329323991DD}.Debug|x64.Build.0 = Debug|Any CPU
		{86DFA5F2-7985-49F8-895B-5329323991DD}.Release|Any CPU.ActiveCfg = Release|Any CPU
		{86DFA5F2-7985-49F8-895B-5329323991DD}.Release|Any CPU.Build.0 = Release|Any CPU
		{86DFA5F2-7985-49F8-895B-5329323991DD}.Release|x64.ActiveCfg = Release|Any CPU
		{86DFA5F2-7985-49F8-895B-5329323991DD}.Release|x64.Build.0 = Release|Any CPU
		{68305367-1258-421C-9D33-6238AC6CF377}.Debug|Any CPU.ActiveCfg = Debug|Any CPU
		{68305367-1258-421C-9D33-6238AC6CF377}.Debug|Any CPU.Build.0 = Debug|Any CPU
		{68305367-1258-421C-9D33-6238AC6CF377}.Debug|x64.ActiveCfg = Debug|Any CPU
		{68305367-1258-421C-9D33-6238AC6CF377}.Debug|x64.Build.0 = Debug|Any CPU
		{68305367-1258-421C-9D33-6238AC6CF377}.Release|Any CPU.ActiveCfg = Release|Any CPU
		{68305367-1258-421C-9D33-6238AC6CF377}.Release|Any CPU.Build.0 = Release|Any CPU
		{68305367-1258-421C-9D33-6238AC6CF377}.Release|x64.ActiveCfg = Release|Any CPU
		{68305367-1258-421C-9D33-6238AC6CF377}.Release|x64.Build.0 = Release|Any CPU
		{C919CCF7-5D41-4734-A56A-E4C7B763456B}.Debug|Any CPU.ActiveCfg = Debug|Any CPU
		{C919CCF7-5D41-4734-A56A-E4C7B763456B}.Debug|Any CPU.Build.0 = Debug|Any CPU
		{C919CCF7-5D41-4734-A56A-E4C7B763456B}.Debug|x64.ActiveCfg = Debug|Any CPU
		{C919CCF7-5D41-4734-A56A-E4C7B763456B}.Debug|x64.Build.0 = Debug|Any CPU
		{C919CCF7-5D41-4734-A56A-E4C7B763456B}.Release|Any CPU.ActiveCfg = Release|Any CPU
		{C919CCF7-5D41-4734-A56A-E4C7B763456B}.Release|Any CPU.Build.0 = Release|Any CPU
		{C919CCF7-5D41-4734-A56A-E4C7B763456B}.Release|x64.ActiveCfg = Release|Any CPU
		{C919CCF7-5D41-4734-A56A-E4C7B763456B}.Release|x64.Build.0 = Release|Any CPU
		{D4DCD0ED-38D9-4E31-86FA-44954A062F36}.Debug|Any CPU.ActiveCfg = Debug|Any CPU
		{D4DCD0ED-38D9-4E31-86FA-44954A062F36}.Debug|Any CPU.Build.0 = Debug|Any CPU
		{D4DCD0ED-38D9-4E31-86FA-44954A062F36}.Debug|x64.ActiveCfg = Debug|Any CPU
		{D4DCD0ED-38D9-4E31-86FA-44954A062F36}.Debug|x64.Build.0 = Debug|Any CPU
		{D4DCD0ED-38D9-4E31-86FA-44954A062F36}.Release|Any CPU.ActiveCfg = Release|Any CPU
		{D4DCD0ED-38D9-4E31-86FA-44954A062F36}.Release|Any CPU.Build.0 = Release|Any CPU
		{D4DCD0ED-38D9-4E31-86FA-44954A062F36}.Release|x64.ActiveCfg = Release|Any CPU
		{D4DCD0ED-38D9-4E31-86FA-44954A062F36}.Release|x64.Build.0 = Release|Any CPU
		{11385091-ABBA-425C-858F-A561FEC2317A}.Debug|Any CPU.ActiveCfg = Debug|Any CPU
		{11385091-ABBA-425C-858F-A561FEC2317A}.Debug|Any CPU.Build.0 = Debug|Any CPU
		{11385091-ABBA-425C-858F-A561FEC2317A}.Debug|x64.ActiveCfg = Debug|Any CPU
		{11385091-ABBA-425C-858F-A561FEC2317A}.Debug|x64.Build.0 = Debug|Any CPU
		{11385091-ABBA-425C-858F-A561FEC2317A}.Release|Any CPU.ActiveCfg = Release|Any CPU
		{11385091-ABBA-425C-858F-A561FEC2317A}.Release|Any CPU.Build.0 = Release|Any CPU
		{11385091-ABBA-425C-858F-A561FEC2317A}.Release|x64.ActiveCfg = Release|Any CPU
		{11385091-ABBA-425C-858F-A561FEC2317A}.Release|x64.Build.0 = Release|Any CPU
		{60158634-5E01-4064-A819-C2AAA9ADA68A}.Debug|Any CPU.ActiveCfg = Debug|Any CPU
		{60158634-5E01-4064-A819-C2AAA9ADA68A}.Debug|Any CPU.Build.0 = Debug|Any CPU
		{60158634-5E01-4064-A819-C2AAA9ADA68A}.Debug|x64.ActiveCfg = Debug|Any CPU
		{60158634-5E01-4064-A819-C2AAA9ADA68A}.Debug|x64.Build.0 = Debug|Any CPU
		{60158634-5E01-4064-A819-C2AAA9ADA68A}.Release|Any CPU.ActiveCfg = Release|Any CPU
		{60158634-5E01-4064-A819-C2AAA9ADA68A}.Release|Any CPU.Build.0 = Release|Any CPU
		{60158634-5E01-4064-A819-C2AAA9ADA68A}.Release|x64.ActiveCfg = Release|Any CPU
		{60158634-5E01-4064-A819-C2AAA9ADA68A}.Release|x64.Build.0 = Release|Any CPU
		{A75059C8-241C-4E41-9E2B-D22B7D34303D}.Debug|Any CPU.ActiveCfg = Debug|Any CPU
		{A75059C8-241C-4E41-9E2B-D22B7D34303D}.Debug|Any CPU.Build.0 = Debug|Any CPU
		{A75059C8-241C-4E41-9E2B-D22B7D34303D}.Debug|x64.ActiveCfg = Debug|Any CPU
		{A75059C8-241C-4E41-9E2B-D22B7D34303D}.Debug|x64.Build.0 = Debug|Any CPU
		{A75059C8-241C-4E41-9E2B-D22B7D34303D}.Release|Any CPU.ActiveCfg = Release|Any CPU
		{A75059C8-241C-4E41-9E2B-D22B7D34303D}.Release|Any CPU.Build.0 = Release|Any CPU
		{A75059C8-241C-4E41-9E2B-D22B7D34303D}.Release|x64.ActiveCfg = Release|Any CPU
		{A75059C8-241C-4E41-9E2B-D22B7D34303D}.Release|x64.Build.0 = Release|Any CPU
		{1789F27F-3FD6-4B74-AED9-1633622CFE55}.Debug|Any CPU.ActiveCfg = Debug|Any CPU
		{1789F27F-3FD6-4B74-AED9-1633622CFE55}.Debug|Any CPU.Build.0 = Debug|Any CPU
		{1789F27F-3FD6-4B74-AED9-1633622CFE55}.Debug|x64.ActiveCfg = Debug|Any CPU
		{1789F27F-3FD6-4B74-AED9-1633622CFE55}.Debug|x64.Build.0 = Debug|Any CPU
		{1789F27F-3FD6-4B74-AED9-1633622CFE55}.Release|Any CPU.ActiveCfg = Release|Any CPU
		{1789F27F-3FD6-4B74-AED9-1633622CFE55}.Release|Any CPU.Build.0 = Release|Any CPU
		{1789F27F-3FD6-4B74-AED9-1633622CFE55}.Release|x64.ActiveCfg = Release|Any CPU
		{1789F27F-3FD6-4B74-AED9-1633622CFE55}.Release|x64.Build.0 = Release|Any CPU
		{B2A710C0-6D7A-47B2-B010-034773C1179C}.Debug|Any CPU.ActiveCfg = Debug|Any CPU
		{B2A710C0-6D7A-47B2-B010-034773C1179C}.Debug|Any CPU.Build.0 = Debug|Any CPU
		{B2A710C0-6D7A-47B2-B010-034773C1179C}.Debug|x64.ActiveCfg = Debug|Any CPU
		{B2A710C0-6D7A-47B2-B010-034773C1179C}.Debug|x64.Build.0 = Debug|Any CPU
		{B2A710C0-6D7A-47B2-B010-034773C1179C}.Release|Any CPU.ActiveCfg = Release|Any CPU
		{B2A710C0-6D7A-47B2-B010-034773C1179C}.Release|Any CPU.Build.0 = Release|Any CPU
		{B2A710C0-6D7A-47B2-B010-034773C1179C}.Release|x64.ActiveCfg = Release|Any CPU
		{B2A710C0-6D7A-47B2-B010-034773C1179C}.Release|x64.Build.0 = Release|Any CPU
		{C02AB359-6790-4A17-895E-5567CA9F344B}.Debug|Any CPU.ActiveCfg = Debug|Any CPU
		{C02AB359-6790-4A17-895E-5567CA9F344B}.Debug|Any CPU.Build.0 = Debug|Any CPU
		{C02AB359-6790-4A17-895E-5567CA9F344B}.Debug|x64.ActiveCfg = Debug|Any CPU
		{C02AB359-6790-4A17-895E-5567CA9F344B}.Debug|x64.Build.0 = Debug|Any CPU
		{C02AB359-6790-4A17-895E-5567CA9F344B}.Release|Any CPU.ActiveCfg = Release|Any CPU
		{C02AB359-6790-4A17-895E-5567CA9F344B}.Release|Any CPU.Build.0 = Release|Any CPU
		{C02AB359-6790-4A17-895E-5567CA9F344B}.Release|x64.ActiveCfg = Release|Any CPU
		{C02AB359-6790-4A17-895E-5567CA9F344B}.Release|x64.Build.0 = Release|Any CPU
		{21E86DF6-C209-42EF-922F-2A26747BE367}.Debug|Any CPU.ActiveCfg = Debug|Any CPU
		{21E86DF6-C209-42EF-922F-2A26747BE367}.Debug|Any CPU.Build.0 = Debug|Any CPU
		{21E86DF6-C209-42EF-922F-2A26747BE367}.Debug|x64.ActiveCfg = Debug|Any CPU
		{21E86DF6-C209-42EF-922F-2A26747BE367}.Debug|x64.Build.0 = Debug|Any CPU
		{21E86DF6-C209-42EF-922F-2A26747BE367}.Release|Any CPU.ActiveCfg = Release|Any CPU
		{21E86DF6-C209-42EF-922F-2A26747BE367}.Release|Any CPU.Build.0 = Release|Any CPU
		{21E86DF6-C209-42EF-922F-2A26747BE367}.Release|x64.ActiveCfg = Release|Any CPU
		{21E86DF6-C209-42EF-922F-2A26747BE367}.Release|x64.Build.0 = Release|Any CPU
		{1F24DE72-FF21-424F-A142-1098CEB35FD2}.Debug|Any CPU.ActiveCfg = Debug|Any CPU
		{1F24DE72-FF21-424F-A142-1098CEB35FD2}.Debug|Any CPU.Build.0 = Debug|Any CPU
		{1F24DE72-FF21-424F-A142-1098CEB35FD2}.Debug|x64.ActiveCfg = Debug|Any CPU
		{1F24DE72-FF21-424F-A142-1098CEB35FD2}.Debug|x64.Build.0 = Debug|Any CPU
		{1F24DE72-FF21-424F-A142-1098CEB35FD2}.Release|Any CPU.ActiveCfg = Release|Any CPU
		{1F24DE72-FF21-424F-A142-1098CEB35FD2}.Release|Any CPU.Build.0 = Release|Any CPU
		{1F24DE72-FF21-424F-A142-1098CEB35FD2}.Release|x64.ActiveCfg = Release|Any CPU
		{1F24DE72-FF21-424F-A142-1098CEB35FD2}.Release|x64.Build.0 = Release|Any CPU
		{0A01E77E-91B1-4604-9C53-F88799904F23}.Debug|Any CPU.ActiveCfg = Debug|Any CPU
		{0A01E77E-91B1-4604-9C53-F88799904F23}.Debug|Any CPU.Build.0 = Debug|Any CPU
		{0A01E77E-91B1-4604-9C53-F88799904F23}.Debug|x64.ActiveCfg = Debug|Any CPU
		{0A01E77E-91B1-4604-9C53-F88799904F23}.Debug|x64.Build.0 = Debug|Any CPU
		{0A01E77E-91B1-4604-9C53-F88799904F23}.Release|Any CPU.ActiveCfg = Release|Any CPU
		{0A01E77E-91B1-4604-9C53-F88799904F23}.Release|Any CPU.Build.0 = Release|Any CPU
		{0A01E77E-91B1-4604-9C53-F88799904F23}.Release|x64.ActiveCfg = Release|Any CPU
		{0A01E77E-91B1-4604-9C53-F88799904F23}.Release|x64.Build.0 = Release|Any CPU
		{9FD62623-F69C-4177-9701-AE52F630DFA1}.Debug|Any CPU.ActiveCfg = Debug|Any CPU
		{9FD62623-F69C-4177-9701-AE52F630DFA1}.Debug|Any CPU.Build.0 = Debug|Any CPU
		{9FD62623-F69C-4177-9701-AE52F630DFA1}.Debug|x64.ActiveCfg = Debug|Any CPU
		{9FD62623-F69C-4177-9701-AE52F630DFA1}.Debug|x64.Build.0 = Debug|Any CPU
		{9FD62623-F69C-4177-9701-AE52F630DFA1}.Release|Any CPU.ActiveCfg = Release|Any CPU
		{9FD62623-F69C-4177-9701-AE52F630DFA1}.Release|Any CPU.Build.0 = Release|Any CPU
		{9FD62623-F69C-4177-9701-AE52F630DFA1}.Release|x64.ActiveCfg = Release|Any CPU
		{9FD62623-F69C-4177-9701-AE52F630DFA1}.Release|x64.Build.0 = Release|Any CPU
		{D5DA3EF6-0BAB-43DC-A56E-3F0A6AF5DD70}.Debug|Any CPU.ActiveCfg = Debug|Any CPU
		{D5DA3EF6-0BAB-43DC-A56E-3F0A6AF5DD70}.Debug|Any CPU.Build.0 = Debug|Any CPU
		{D5DA3EF6-0BAB-43DC-A56E-3F0A6AF5DD70}.Debug|x64.ActiveCfg = Debug|Any CPU
		{D5DA3EF6-0BAB-43DC-A56E-3F0A6AF5DD70}.Debug|x64.Build.0 = Debug|Any CPU
		{D5DA3EF6-0BAB-43DC-A56E-3F0A6AF5DD70}.Release|Any CPU.ActiveCfg = Release|Any CPU
		{D5DA3EF6-0BAB-43DC-A56E-3F0A6AF5DD70}.Release|Any CPU.Build.0 = Release|Any CPU
		{D5DA3EF6-0BAB-43DC-A56E-3F0A6AF5DD70}.Release|x64.ActiveCfg = Release|Any CPU
		{D5DA3EF6-0BAB-43DC-A56E-3F0A6AF5DD70}.Release|x64.Build.0 = Release|Any CPU
	EndGlobalSection
	GlobalSection(SolutionProperties) = preSolution
		HideSolutionNode = FALSE
	EndGlobalSection
	GlobalSection(NestedProjects) = preSolution
		{16DC2250-97E3-49F0-87FC-0B35E741C981} = {DA90F077-00FD-498E-9220-493B6D3B0917}
		{B199248D-6206-4851-8184-3FFDF98B0261} = {16DC2250-97E3-49F0-87FC-0B35E741C981}
		{902AA60C-9D6C-4291-B510-0044782428F6} = {16DC2250-97E3-49F0-87FC-0B35E741C981}
		{DA3EB37F-04AB-493C-B027-94578A11619E} = {16DC2250-97E3-49F0-87FC-0B35E741C981}
		{EA0A8A30-EB35-42C3-9331-068F995F9ABE} = {16DC2250-97E3-49F0-87FC-0B35E741C981}
		{7F963782-B5D8-4FA5-9E21-8B1394C14B38} = {16DC2250-97E3-49F0-87FC-0B35E741C981}
		{98E5AC08-E4DD-42BB-A3B8-7FF37CC2CEA6} = {16DC2250-97E3-49F0-87FC-0B35E741C981}
		{52471F5F-6020-4564-AA5D-0B6B16E20212} = {16DC2250-97E3-49F0-87FC-0B35E741C981}
		{E439B7E8-4DE5-4AF8-9BAF-7203EDF49436} = {16DC2250-97E3-49F0-87FC-0B35E741C981}
		{91564F67-BB20-4D1F-A7E7-D7D8700DF001} = {16DC2250-97E3-49F0-87FC-0B35E741C981}
		{1199C8D5-E62D-48EB-923E-51DFD578064E} = {16DC2250-97E3-49F0-87FC-0B35E741C981}
		{A586ED63-8CE1-4131-9216-0E97E8D7D41C} = {16DC2250-97E3-49F0-87FC-0B35E741C981}
		{8026CA59-F419-413B-AE42-FC4C12CA779C} = {16DC2250-97E3-49F0-87FC-0B35E741C981}
		{3FDFB677-E14D-4F1E-999F-7046354E381A} = {16DC2250-97E3-49F0-87FC-0B35E741C981}
		{3A6AFEFA-76DF-4573-ADAD-1ACEDFD76BC2} = {16DC2250-97E3-49F0-87FC-0B35E741C981}
		{86DFA5F2-7985-49F8-895B-5329323991DD} = {16DC2250-97E3-49F0-87FC-0B35E741C981}
		{68305367-1258-421C-9D33-6238AC6CF377} = {16DC2250-97E3-49F0-87FC-0B35E741C981}
		{C919CCF7-5D41-4734-A56A-E4C7B763456B} = {16DC2250-97E3-49F0-87FC-0B35E741C981}
		{D4DCD0ED-38D9-4E31-86FA-44954A062F36} = {16DC2250-97E3-49F0-87FC-0B35E741C981}
		{11385091-ABBA-425C-858F-A561FEC2317A} = {16DC2250-97E3-49F0-87FC-0B35E741C981}
		{60158634-5E01-4064-A819-C2AAA9ADA68A} = {16DC2250-97E3-49F0-87FC-0B35E741C981}
		{A75059C8-241C-4E41-9E2B-D22B7D34303D} = {16DC2250-97E3-49F0-87FC-0B35E741C981}
		{1789F27F-3FD6-4B74-AED9-1633622CFE55} = {16DC2250-97E3-49F0-87FC-0B35E741C981}
		{B2A710C0-6D7A-47B2-B010-034773C1179C} = {16DC2250-97E3-49F0-87FC-0B35E741C981}
		{C02AB359-6790-4A17-895E-5567CA9F344B} = {16DC2250-97E3-49F0-87FC-0B35E741C981}
		{21E86DF6-C209-42EF-922F-2A26747BE367} = {16DC2250-97E3-49F0-87FC-0B35E741C981}
		{1F24DE72-FF21-424F-A142-1098CEB35FD2} = {16DC2250-97E3-49F0-87FC-0B35E741C981}
		{0A01E77E-91B1-4604-9C53-F88799904F23} = {16DC2250-97E3-49F0-87FC-0B35E741C981}
		{9FD62623-F69C-4177-9701-AE52F630DFA1} = {16DC2250-97E3-49F0-87FC-0B35E741C981}
		{D5DA3EF6-0BAB-43DC-A56E-3F0A6AF5DD70} = {16DC2250-97E3-49F0-87FC-0B35E741C981}
	EndGlobalSection
	GlobalSection(ExtensibilityGlobals) = postSolution
		SolutionGuid = {2081A3C3-19DE-475A-BE7E-67E8BA06660D}
	EndGlobalSection
EndGlobal
